
Microsoft Visual Studio Solution File, Format Version 12.00
# Visual Studio 15
VisualStudioVersion = 15.0.28307.539
MinimumVisualStudioVersion = 10.0.40219.1
Project("{FAE04EC0-301F-11D3-BF4B-00C04F79EFBC}") = "WindowsFormsAppVoice", "WindowsFormsAppVoice\WindowsFormsAppVoice.csproj", "{DDF2B159-36BB-4579-9C5C-39876D488A07}"
EndProject
Global
	GlobalSection(SolutionConfigurationPlatforms) = preSolution
		Debug|Any CPU = Debug|Any CPU
		Release|Any CPU = Release|Any CPU
	EndGlobalSection
	GlobalSection(ProjectConfigurationPlatforms) = postSolution
		{DDF2B159-36BB-4579-9C5C-39876D488A07}.Debug|Any CPU.ActiveCfg = Debug|Any CPU
		{DDF2B159-36BB-4579-9C5C-39876D488A07}.Debug|Any CPU.Build.0 = Debug|Any CPU
		{DDF2B159-36BB-4579-9C5C-39876D488A07}.Release|Any CPU.ActiveCfg = Release|Any CPU
		{DDF2B159-36BB-4579-9C5C-39876D488A07}.Release|Any CPU.Build.0 = Release|Any CPU
	EndGlobalSection
	GlobalSection(SolutionProperties) = preSolution
		HideSolutionNode = FALSE
	EndGlobalSection
	GlobalSection(ExtensibilityGlobals) = postSolution
		SolutionGuid = {8207A703-C2BD-41C0-9A88-1E253300079B}
	EndGlobalSection
EndGlobal
